
Microsoft Visual Studio Solution File, Format Version 12.00
# Visual Studio 14
VisualStudioVersion = 14.0.25420.1
MinimumVisualStudioVersion = 10.0.40219.1
Project("{FAE04EC0-301F-11D3-BF4B-00C04F79EFBC}") = "BottomTabBarExample.Droid", "BottomTabBarExample\BottomTabBarExample.Droid\BottomTabBarExample.Droid.csproj", "{BDA8114A-1E1E-4E91-84E6-2146638BDE86}"
EndProject
Project("{FAE04EC0-301F-11D3-BF4B-00C04F79EFBC}") = "BottomTabBarExample.iOS", "BottomTabBarExample\BottomTabBarExample.iOS\BottomTabBarExample.iOS.csproj", "{BBBBB2EA-A6EE-4BE9-95E1-A24F32D5CA36}"
EndProject
Project("{FAE04EC0-301F-11D3-BF4B-00C04F79EFBC}") = "BottomTabBarExample", "BottomTabBarExample\BottomTabBarExample\BottomTabBarExample.csproj", "{75235982-DB54-41D9-A33E-2D390C23EF0B}"
EndProject
Global
	GlobalSection(SolutionConfigurationPlatforms) = preSolution
		Ad-Hoc|Any CPU = Ad-Hoc|Any CPU
		Ad-Hoc|iPhone = Ad-Hoc|iPhone
		Ad-Hoc|iPhoneSimulator = Ad-Hoc|iPhoneSimulator
		AppStore|Any CPU = AppStore|Any CPU
		AppStore|iPhone = AppStore|iPhone
		AppStore|iPhoneSimulator = AppStore|iPhoneSimulator
		Debug|Any CPU = Debug|Any CPU
		Debug|iPhone = Debug|iPhone
		Debug|iPhoneSimulator = Debug|iPhoneSimulator
		Release|Any CPU = Release|Any CPU
		Release|iPhone = Release|iPhone
		Release|iPhoneSimulator = Release|iPhoneSimulator
	EndGlobalSection
	GlobalSection(ProjectConfigurationPlatforms) = postSolution
		{BDA8114A-1E1E-4E91-84E6-2146638BDE86}.Ad-Hoc|Any CPU.ActiveCfg = Release|Any CPU
		{BDA8114A-1E1E-4E91-84E6-2146638BDE86}.Ad-Hoc|Any CPU.Build.0 = Release|Any CPU
		{BDA8114A-1E1E-4E91-84E6-2146638BDE86}.Ad-Hoc|Any CPU.Deploy.0 = Release|Any CPU
		{BDA8114A-1E1E-4E91-84E6-2146638BDE86}.Ad-Hoc|iPhone.ActiveCfg = Release|Any CPU
		{BDA8114A-1E1E-4E91-84E6-2146638BDE86}.Ad-Hoc|iPhone.Build.0 = Release|Any CPU
		{BDA8114A-1E1E-4E91-84E6-2146638BDE86}.Ad-Hoc|iPhone.Deploy.0 = Release|Any CPU
		{BDA8114A-1E1E-4E91-84E6-2146638BDE86}.Ad-Hoc|iPhoneSimulator.ActiveCfg = Release|Any CPU
		{BDA8114A-1E1E-4E91-84E6-2146638BDE86}.Ad-Hoc|iPhoneSimulator.Build.0 = Release|Any CPU
		{BDA8114A-1E1E-4E91-84E6-2146638BDE86}.Ad-Hoc|iPhoneSimulator.Deploy.0 = Release|Any CPU
		{BDA8114A-1E1E-4E91-84E6-2146638BDE86}.AppStore|Any CPU.ActiveCfg = Release|Any CPU
		{BDA8114A-1E1E-4E91-84E6-2146638BDE86}.AppStore|Any CPU.Build.0 = Release|Any CPU
		{BDA8114A-1E1E-4E91-84E6-2146638BDE86}.AppStore|Any CPU.Deploy.0 = Release|Any CPU
		{BDA8114A-1E1E-4E91-84E6-2146638BDE86}.AppStore|iPhone.ActiveCfg = Release|Any CPU
		{BDA8114A-1E1E-4E91-84E6-2146638BDE86}.AppStore|iPhone.Build.0 = Release|Any CPU
		{BDA8114A-1E1E-4E91-84E6-2146638BDE86}.AppStore|iPhone.Deploy.0 = Release|Any CPU
		{BDA8114A-1E1E-4E91-84E6-2146638BDE86}.AppStore|iPhoneSimulator.ActiveCfg = Release|Any CPU
		{BDA8114A-1E1E-4E91-84E6-2146638BDE86}.AppStore|iPhoneSimulator.Build.0 = Release|Any CPU
		{BDA8114A-1E1E-4E91-84E6-2146638BDE86}.AppStore|iPhoneSimulator.Deploy.0 = Release|Any CPU
		{BDA8114A-1E1E-4E91-84E6-2146638BDE86}.Debug|Any CPU.ActiveCfg = Debug|Any CPU
		{BDA8114A-1E1E-4E91-84E6-2146638BDE86}.Debug|Any CPU.Build.0 = Debug|Any CPU
		{BDA8114A-1E1E-4E91-84E6-2146638BDE86}.Debug|Any CPU.Deploy.0 = Debug|Any CPU
		{BDA8114A-1E1E-4E91-84E6-2146638BDE86}.Debug|iPhone.ActiveCfg = Debug|Any CPU
		{BDA8114A-1E1E-4E91-84E6-2146638BDE86}.Debug|iPhone.Build.0 = Debug|Any CPU
		{BDA8114A-1E1E-4E91-84E6-2146638BDE86}.Debug|iPhone.Deploy.0 = Debug|Any CPU
		{BDA8114A-1E1E-4E91-84E6-2146638BDE86}.Debug|iPhoneSimulator.ActiveCfg = Debug|Any CPU
		{BDA8114A-1E1E-4E91-84E6-2146638BDE86}.Debug|iPhoneSimulator.Build.0 = Debug|Any CPU
		{BDA8114A-1E1E-4E91-84E6-2146638BDE86}.Debug|iPhoneSimulator.Deploy.0 = Debug|Any CPU
		{BDA8114A-1E1E-4E91-84E6-2146638BDE86}.Release|Any CPU.ActiveCfg = Release|Any CPU
		{BDA8114A-1E1E-4E91-84E6-2146638BDE86}.Release|Any CPU.Build.0 = Release|Any CPU
		{BDA8114A-1E1E-4E91-84E6-2146638BDE86}.Release|Any CPU.Deploy.0 = Release|Any CPU
		{BDA8114A-1E1E-4E91-84E6-2146638BDE86}.Release|iPhone.ActiveCfg = Release|Any CPU
		{BDA8114A-1E1E-4E91-84E6-2146638BDE86}.Release|iPhone.Build.0 = Release|Any CPU
		{BDA8114A-1E1E-4E91-84E6-2146638BDE86}.Release|iPhone.Deploy.0 = Release|Any CPU
		{BDA8114A-1E1E-4E91-84E6-2146638BDE86}.Release|iPhoneSimulator.ActiveCfg = Release|Any CPU
		{BDA8114A-1E1E-4E91-84E6-2146638BDE86}.Release|iPhoneSimulator.Build.0 = Release|Any CPU
		{BDA8114A-1E1E-4E91-84E6-2146638BDE86}.Release|iPhoneSimulator.Deploy.0 = Release|Any CPU
		{BBBBB2EA-A6EE-4BE9-95E1-A24F32D5CA36}.Ad-Hoc|Any CPU.ActiveCfg = Ad-Hoc|iPhone
		{BBBBB2EA-A6EE-4BE9-95E1-A24F32D5CA36}.Ad-Hoc|iPhone.ActiveCfg = Ad-Hoc|iPhone
		{BBBBB2EA-A6EE-4BE9-95E1-A24F32D5CA36}.Ad-Hoc|iPhone.Build.0 = Ad-Hoc|iPhone
		{BBBBB2EA-A6EE-4BE9-95E1-A24F32D5CA36}.Ad-Hoc|iPhoneSimulator.ActiveCfg = Ad-Hoc|iPhoneSimulator
		{BBBBB2EA-A6EE-4BE9-95E1-A24F32D5CA36}.Ad-Hoc|iPhoneSimulator.Build.0 = Ad-Hoc|iPhoneSimulator
		{BBBBB2EA-A6EE-4BE9-95E1-A24F32D5CA36}.AppStore|Any CPU.ActiveCfg = AppStore|iPhone
		{BBBBB2EA-A6EE-4BE9-95E1-A24F32D5CA36}.AppStore|iPhone.ActiveCfg = AppStore|iPhone
		{BBBBB2EA-A6EE-4BE9-95E1-A24F32D5CA36}.AppStore|iPhone.Build.0 = AppStore|iPhone
		{BBBBB2EA-A6EE-4BE9-95E1-A24F32D5CA36}.AppStore|iPhoneSimulator.ActiveCfg = AppStore|iPhoneSimulator
		{BBBBB2EA-A6EE-4BE9-95E1-A24F32D5CA36}.AppStore|iPhoneSimulator.Build.0 = AppStore|iPhoneSimulator
		{BBBBB2EA-A6EE-4BE9-95E1-A24F32D5CA36}.Debug|Any CPU.ActiveCfg = Debug|iPhone
		{BBBBB2EA-A6EE-4BE9-95E1-A24F32D5CA36}.Debug|iPhone.ActiveCfg = Debug|iPhone
		{BBBBB2EA-A6EE-4BE9-95E1-A24F32D5CA36}.Debug|iPhone.Build.0 = Debug|iPhone
		{BBBBB2EA-A6EE-4BE9-95E1-A24F32D5CA36}.Debug|iPhoneSimulator.ActiveCfg = Debug|iPhoneSimulator
		{BBBBB2EA-A6EE-4BE9-95E1-A24F32D5CA36}.Debug|iPhoneSimulator.Build.0 = Debug|iPhoneSimulator
		{BBBBB2EA-A6EE-4BE9-95E1-A24F32D5CA36}.Release|Any CPU.ActiveCfg = Release|iPhone
		{BBBBB2EA-A6EE-4BE9-95E1-A24F32D5CA36}.Release|iPhone.ActiveCfg = Release|iPhone
		{BBBBB2EA-A6EE-4BE9-95E1-A24F32D5CA36}.Release|iPhone.Build.0 = Release|iPhone
		{BBBBB2EA-A6EE-4BE9-95E1-A24F32D5CA36}.Release|iPhoneSimulator.ActiveCfg = Release|iPhoneSimulator
		{BBBBB2EA-A6EE-4BE9-95E1-A24F32D5CA36}.Release|iPhoneSimulator.Build.0 = Release|iPhoneSimulator
		{75235982-DB54-41D9-A33E-2D390C23EF0B}.Ad-Hoc|Any CPU.ActiveCfg = Release|Any CPU
		{75235982-DB54-41D9-A33E-2D390C23EF0B}.Ad-Hoc|Any CPU.Build.0 = Release|Any CPU
		{75235982-DB54-41D9-A33E-2D390C23EF0B}.Ad-Hoc|iPhone.ActiveCfg = Release|Any CPU
		{75235982-DB54-41D9-A33E-2D390C23EF0B}.Ad-Hoc|iPhone.Build.0 = Release|Any CPU
		{75235982-DB54-41D9-A33E-2D390C23EF0B}.Ad-Hoc|iPhoneSimulator.ActiveCfg = Release|Any CPU
		{75235982-DB54-41D9-A33E-2D390C23EF0B}.Ad-Hoc|iPhoneSimulator.Build.0 = Release|Any CPU
		{75235982-DB54-41D9-A33E-2D390C23EF0B}.AppStore|Any CPU.ActiveCfg = Release|Any CPU
		{75235982-DB54-41D9-A33E-2D390C23EF0B}.AppStore|Any CPU.Build.0 = Release|Any CPU
		{75235982-DB54-41D9-A33E-2D390C23EF0B}.AppStore|iPhone.ActiveCfg = Release|Any CPU
		{75235982-DB54-41D9-A33E-2D390C23EF0B}.AppStore|iPhone.Build.0 = Release|Any CPU
		{75235982-DB54-41D9-A33E-2D390C23EF0B}.AppStore|iPhoneSimulator.ActiveCfg = Release|Any CPU
		{75235982-DB54-41D9-A33E-2D390C23EF0B}.AppStore|iPhoneSimulator.Build.0 = Release|Any CPU
		{75235982-DB54-41D9-A33E-2D390C23EF0B}.Debug|Any CPU.ActiveCfg = Debug|Any CPU
		{75235982-DB54-41D9-A33E-2D390C23EF0B}.Debug|Any CPU.Build.0 = Debug|Any CPU
		{75235982-DB54-41D9-A33E-2D390C23EF0B}.Debug|iPhone.ActiveCfg = Debug|Any CPU
		{75235982-DB54-41D9-A33E-2D390C23EF0B}.Debug|iPhone.Build.0 = Debug|Any CPU
		{75235982-DB54-41D9-A33E-2D390C23EF0B}.Debug|iPhoneSimulator.ActiveCfg = Debug|Any CPU
		{75235982-DB54-41D9-A33E-2D390C23EF0B}.Debug|iPhoneSimulator.Build.0 = Debug|Any CPU
		{75235982-DB54-41D9-A33E-2D390C23EF0B}.Release|Any CPU.ActiveCfg = Release|Any CPU
		{75235982-DB54-41D9-A33E-2D390C23EF0B}.Release|Any CPU.Build.0 = Release|Any CPU
		{75235982-DB54-41D9-A33E-2D390C23EF0B}.Release|iPhone.ActiveCfg = Release|Any CPU
		{75235982-DB54-41D9-A33E-2D390C23EF0B}.Release|iPhone.Build.0 = Release|Any CPU
		{75235982-DB54-41D9-A33E-2D390C23EF0B}.Release|iPhoneSimulator.ActiveCfg = Release|Any CPU
		{75235982-DB54-41D9-A33E-2D390C23EF0B}.Release|iPhoneSimulator.Build.0 = Release|Any CPU
	EndGlobalSection
	GlobalSection(SolutionProperties) = preSolution
		HideSolutionNode = FALSE
	EndGlobalSection
EndGlobal
